// !$*UTF8*$!
{
	archiveVersion = 1;
	classes = {
	};
	objectVersion = 50;
	objects = {

/* Begin PBXBuildFile section */
		5328A5F921A22C2B00005B66 /* statistics_view.cpp in Sources */ = {isa = PBXBuildFile; fileRef = 5328A5F821A22C2B00005B66 /* statistics_view.cpp */; };
		533AC9A9218B3EA300236260 /* resolve.cpp in Sources */ = {isa = PBXBuildFile; fileRef = 533AC9A8218B3EA300236260 /* resolve.cpp */; };
		53504D29219FA8CE00F45D49 /* strategy.cpp in Sources */ = {isa = PBXBuildFile; fileRef = 53504D28219FA8CE00F45D49 /* strategy.cpp */; };
		53504D2B219FB25600F45D49 /* moderate_strategy.cpp in Sources */ = {isa = PBXBuildFile; fileRef = 53504D2A219FB25600F45D49 /* moderate_strategy.cpp */; };
		53504D2E219FBAE500F45D49 /* aggressive_strategy.cpp in Sources */ = {isa = PBXBuildFile; fileRef = 53504D2D219FBAE500F45D49 /* aggressive_strategy.cpp */; };
		535440D921862CB50011378B /* map_finder.cpp in Sources */ = {isa = PBXBuildFile; fileRef = 535440D721862CB50011378B /* map_finder.cpp */; };
		535493D0216FD3320012AF98 /* tokens.cpp in Sources */ = {isa = PBXBuildFile; fileRef = 535493CF216FD3320012AF98 /* tokens.cpp */; };
		537235FF218D159200A5EE1C /* tiles.cpp in Sources */ = {isa = PBXBuildFile; fileRef = 537235FD218D159200A5EE1C /* tiles.cpp */; };
		53723601218D185C00A5EE1C /* power_cards.cpp in Sources */ = {isa = PBXBuildFile; fileRef = 53723600218D185B00A5EE1C /* power_cards.cpp */; };
		537DE94821A10874006A67C2 /* human_strategy.cpp in Sources */ = {isa = PBXBuildFile; fileRef = 537DE94721A10874006A67C2 /* human_strategy.cpp */; };
		53912271219C665B00329746 /* observer.cpp in Sources */ = {isa = PBXBuildFile; fileRef = 53912270219C665B00329746 /* observer.cpp */; };
		53912275219C6B3E00329746 /* subject.cpp in Sources */ = {isa = PBXBuildFile; fileRef = 53912274219C6B3E00329746 /* subject.cpp */; };
		53912279219CBE3200329746 /* player_view.cpp in Sources */ = {isa = PBXBuildFile; fileRef = 53912278219CBE3200329746 /* player_view.cpp */; };
		5391227D219E132F00329746 /* engine.cpp in Sources */ = {isa = PBXBuildFile; fileRef = 5391227C219E132F00329746 /* engine.cpp */; };
		53912280219E64B600329746 /* main.cpp in Sources */ = {isa = PBXBuildFile; fileRef = 5391227F219E64B500329746 /* main.cpp */; };
		53C9491C216AA1C500D839F1 /* dice_rolling.cpp in Sources */ = {isa = PBXBuildFile; fileRef = 53C9491A216AA1C500D839F1 /* dice_rolling.cpp */; };
		53C9491F216AAB3000D839F1 /* input.cpp in Sources */ = {isa = PBXBuildFile; fileRef = 53C9491E216AAB3000D839F1 /* input.cpp */; };
		53C94921216AAC4A00D839F1 /* player.cpp in Sources */ = {isa = PBXBuildFile; fileRef = 53C94920216AAC4A00D839F1 /* player.cpp */; };
		53C94924216AB3B300D839F1 /* map_loader.cpp in Sources */ = {isa = PBXBuildFile; fileRef = 53C94923216AB3B300D839F1 /* map_loader.cpp */; };
		53C94927216AB40000D839F1 /* map.cpp in Sources */ = {isa = PBXBuildFile; fileRef = 53C94926216AB40000D839F1 /* map.cpp */; };
/* End PBXBuildFile section */

/* Begin PBXCopyFilesBuildPhase section */
		53C948FD216A98E800D839F1 /* CopyFiles */ = {
			isa = PBXCopyFilesBuildPhase;
			buildActionMask = 2147483647;
			dstPath = /usr/share/man/man1/;
			dstSubfolderSpec = 0;
			files = (
			);
			runOnlyForDeploymentPostprocessing = 1;
		};
/* End PBXCopyFilesBuildPhase section */

/* Begin PBXFileReference section */
		5328A5F821A22C2B00005B66 /* statistics_view.cpp */ = {isa = PBXFileReference; lastKnownFileType = sourcecode.cpp.cpp; path = statistics_view.cpp; sourceTree = "<group>"; };
		5328A5FA21A22C3B00005B66 /* statistics_view.h */ = {isa = PBXFileReference; lastKnownFileType = sourcecode.c.h; path = statistics_view.h; sourceTree = "<group>"; };
		533AC9A8218B3EA300236260 /* resolve.cpp */ = {isa = PBXFileReference; lastKnownFileType = sourcecode.cpp.cpp; path = resolve.cpp; sourceTree = "<group>"; };
		533AC9AA218B3EB200236260 /* resolve.h */ = {isa = PBXFileReference; lastKnownFileType = sourcecode.c.h; path = resolve.h; sourceTree = "<group>"; };
		53504D27219FA8C200F45D49 /* strategy.h */ = {isa = PBXFileReference; lastKnownFileType = sourcecode.c.h; path = strategy.h; sourceTree = "<group>"; };
		53504D28219FA8CE00F45D49 /* strategy.cpp */ = {isa = PBXFileReference; lastKnownFileType = sourcecode.cpp.cpp; path = strategy.cpp; sourceTree = "<group>"; };
		53504D2A219FB25600F45D49 /* moderate_strategy.cpp */ = {isa = PBXFileReference; lastKnownFileType = sourcecode.cpp.cpp; path = moderate_strategy.cpp; sourceTree = "<group>"; };
		53504D2C219FB25E00F45D49 /* moderate_strategy.h */ = {isa = PBXFileReference; lastKnownFileType = sourcecode.c.h; path = moderate_strategy.h; sourceTree = "<group>"; };
		53504D2D219FBAE500F45D49 /* aggressive_strategy.cpp */ = {isa = PBXFileReference; lastKnownFileType = sourcecode.cpp.cpp; path = aggressive_strategy.cpp; sourceTree = "<group>"; };
		53504D2F219FBAED00F45D49 /* aggressive_strategy.h */ = {isa = PBXFileReference; lastKnownFileType = sourcecode.c.h; path = aggressive_strategy.h; sourceTree = "<group>"; };
		535440D721862CB50011378B /* map_finder.cpp */ = {isa = PBXFileReference; lastKnownFileType = sourcecode.cpp.cpp; path = map_finder.cpp; sourceTree = "<group>"; };
		535440D821862CB50011378B /* map_finder.h */ = {isa = PBXFileReference; lastKnownFileType = sourcecode.c.h; path = map_finder.h; sourceTree = "<group>"; };
		535493CF216FD3320012AF98 /* tokens.cpp */ = {isa = PBXFileReference; lastKnownFileType = sourcecode.cpp.cpp; path = tokens.cpp; sourceTree = "<group>"; };
		535493D1216FD3430012AF98 /* tokens.h */ = {isa = PBXFileReference; lastKnownFileType = sourcecode.c.h; path = tokens.h; sourceTree = "<group>"; };
		537235FD218D159200A5EE1C /* tiles.cpp */ = {isa = PBXFileReference; lastKnownFileType = sourcecode.cpp.cpp; path = tiles.cpp; sourceTree = "<group>"; };
		537235FE218D159200A5EE1C /* tiles.h */ = {isa = PBXFileReference; lastKnownFileType = sourcecode.c.h; path = tiles.h; sourceTree = "<group>"; };
		53723600218D185B00A5EE1C /* power_cards.cpp */ = {isa = PBXFileReference; fileEncoding = 4; lastKnownFileType = sourcecode.cpp.cpp; path = power_cards.cpp; sourceTree = "<group>"; };
		537DE94621A10865006A67C2 /* human_strategy.h */ = {isa = PBXFileReference; lastKnownFileType = sourcecode.c.h; path = human_strategy.h; sourceTree = "<group>"; };
		537DE94721A10874006A67C2 /* human_strategy.cpp */ = {isa = PBXFileReference; lastKnownFileType = sourcecode.cpp.cpp; path = human_strategy.cpp; sourceTree = "<group>"; };
		53912270219C665B00329746 /* observer.cpp */ = {isa = PBXFileReference; lastKnownFileType = sourcecode.cpp.cpp; path = observer.cpp; sourceTree = "<group>"; };
		53912272219C666700329746 /* observer.h */ = {isa = PBXFileReference; lastKnownFileType = sourcecode.c.h; path = observer.h; sourceTree = "<group>"; };
		53912273219C6B3300329746 /* subject.h */ = {isa = PBXFileReference; lastKnownFileType = sourcecode.c.h; path = subject.h; sourceTree = "<group>"; };
		53912274219C6B3E00329746 /* subject.cpp */ = {isa = PBXFileReference; lastKnownFileType = sourcecode.cpp.cpp; path = subject.cpp; sourceTree = "<group>"; };
		53912277219CBE1800329746 /* player_view.h */ = {isa = PBXFileReference; lastKnownFileType = sourcecode.c.h; path = player_view.h; sourceTree = "<group>"; };
		53912278219CBE3200329746 /* player_view.cpp */ = {isa = PBXFileReference; lastKnownFileType = sourcecode.cpp.cpp; path = player_view.cpp; sourceTree = "<group>"; };
		5391227C219E132F00329746 /* engine.cpp */ = {isa = PBXFileReference; lastKnownFileType = sourcecode.cpp.cpp; path = engine.cpp; sourceTree = "<group>"; };
		5391227E219E133800329746 /* engine.h */ = {isa = PBXFileReference; lastKnownFileType = sourcecode.c.h; path = engine.h; sourceTree = "<group>"; };
		5391227F219E64B500329746 /* main.cpp */ = {isa = PBXFileReference; fileEncoding = 4; lastKnownFileType = sourcecode.cpp.cpp; path = main.cpp; sourceTree = "<group>"; };
		53A1AC10216D6ECD001458B7 /* power_cards.h */ = {isa = PBXFileReference; lastKnownFileType = sourcecode.c.h; path = power_cards.h; sourceTree = "<group>"; };
		53A1AC12216D7E75001458B7 /* deck_info */ = {isa = PBXFileReference; lastKnownFileType = folder; path = deck_info; sourceTree = "<group>"; };
		53C948FF216A98E800D839F1 /* KingOfNewYork_A4 */ = {isa = PBXFileReference; explicitFileType = "compiled.mach-o.executable"; includeInIndex = 0; path = KingOfNewYork_A4; sourceTree = BUILT_PRODUCTS_DIR; };
		53C9491A216AA1C500D839F1 /* dice_rolling.cpp */ = {isa = PBXFileReference; lastKnownFileType = sourcecode.cpp.cpp; path = dice_rolling.cpp; sourceTree = "<group>"; };
		53C9491B216AA1C500D839F1 /* dice_rolling.h */ = {isa = PBXFileReference; lastKnownFileType = sourcecode.c.h; path = dice_rolling.h; sourceTree = "<group>"; };
		53C9491D216AA5C800D839F1 /* input.h */ = {isa = PBXFileReference; lastKnownFileType = sourcecode.c.h; path = input.h; sourceTree = "<group>"; };
		53C9491E216AAB3000D839F1 /* input.cpp */ = {isa = PBXFileReference; lastKnownFileType = sourcecode.cpp.cpp; path = input.cpp; sourceTree = "<group>"; };
		53C94920216AAC4A00D839F1 /* player.cpp */ = {isa = PBXFileReference; lastKnownFileType = sourcecode.cpp.cpp; path = player.cpp; sourceTree = "<group>"; };
		53C94922216AAC5800D839F1 /* player.h */ = {isa = PBXFileReference; lastKnownFileType = sourcecode.c.h; path = player.h; sourceTree = "<group>"; };
		53C94923216AB3B300D839F1 /* map_loader.cpp */ = {isa = PBXFileReference; lastKnownFileType = sourcecode.cpp.cpp; path = map_loader.cpp; sourceTree = "<group>"; };
		53C94925216AB3C400D839F1 /* map_loader.h */ = {isa = PBXFileReference; lastKnownFileType = sourcecode.c.h; path = map_loader.h; sourceTree = "<group>"; };
		53C94926216AB40000D839F1 /* map.cpp */ = {isa = PBXFileReference; lastKnownFileType = sourcecode.cpp.cpp; path = map.cpp; sourceTree = "<group>"; };
		53C94928216AB40E00D839F1 /* map.h */ = {isa = PBXFileReference; lastKnownFileType = sourcecode.c.h; path = map.h; sourceTree = "<group>"; };
/* End PBXFileReference section */

/* Begin PBXFrameworksBuildPhase section */
		53C948FC216A98E800D839F1 /* Frameworks */ = {
			isa = PBXFrameworksBuildPhase;
			buildActionMask = 2147483647;
			files = (
			);
			runOnlyForDeploymentPostprocessing = 0;
		};
/* End PBXFrameworksBuildPhase section */

/* Begin PBXGroup section */
		53C948F6216A98E800D839F1 = {
			isa = PBXGroup;
			children = (
				53C94901216A98E800D839F1 /* KingOfNewYork_A4 */,
				53C94900216A98E800D839F1 /* Products */,
			);
			sourceTree = "<group>";
		};
		53C94900216A98E800D839F1 /* Products */ = {
			isa = PBXGroup;
			children = (
				53C948FF216A98E800D839F1 /* KingOfNewYork_A4 */,
			);
			name = Products;
			sourceTree = "<group>";
		};
		53C94901216A98E800D839F1 /* KingOfNewYork_A4 */ = {
			isa = PBXGroup;
			children = (
				53A1AC12216D7E75001458B7 /* deck_info */,
				5391227F219E64B500329746 /* main.cpp */,
				53C9491A216AA1C500D839F1 /* dice_rolling.cpp */,
				53C9491B216AA1C500D839F1 /* dice_rolling.h */,
				5391227C219E132F00329746 /* engine.cpp */,
				5391227E219E133800329746 /* engine.h */,
				535440D721862CB50011378B /* map_finder.cpp */,
				535440D821862CB50011378B /* map_finder.h */,
				53C94923216AB3B300D839F1 /* map_loader.cpp */,
				53C94925216AB3C400D839F1 /* map_loader.h */,
				53C94926216AB40000D839F1 /* map.cpp */,
				53C94928216AB40E00D839F1 /* map.h */,
				53912270219C665B00329746 /* observer.cpp */,
				53912272219C666700329746 /* observer.h */,
				53C94920216AAC4A00D839F1 /* player.cpp */,
				53C94922216AAC5800D839F1 /* player.h */,
				537DE94721A10874006A67C2 /* human_strategy.cpp */,
				537DE94621A10865006A67C2 /* human_strategy.h */,
				53504D2D219FBAE500F45D49 /* aggressive_strategy.cpp */,
				53504D2F219FBAED00F45D49 /* aggressive_strategy.h */,
				53504D2A219FB25600F45D49 /* moderate_strategy.cpp */,
				53504D2C219FB25E00F45D49 /* moderate_strategy.h */,
				53912278219CBE3200329746 /* player_view.cpp */,
				53912277219CBE1800329746 /* player_view.h */,
				53723600218D185B00A5EE1C /* power_cards.cpp */,
				53A1AC10216D6ECD001458B7 /* power_cards.h */,
				5328A5F821A22C2B00005B66 /* statistics_view.cpp */,
				5328A5FA21A22C3B00005B66 /* statistics_view.h */,
				533AC9A8218B3EA300236260 /* resolve.cpp */,
				533AC9AA218B3EB200236260 /* resolve.h */,
				53504D28219FA8CE00F45D49 /* strategy.cpp */,
				53504D27219FA8C200F45D49 /* strategy.h */,
				53912274219C6B3E00329746 /* subject.cpp */,
				53912273219C6B3300329746 /* subject.h */,
				53C9491E216AAB3000D839F1 /* input.cpp */,
				53C9491D216AA5C800D839F1 /* input.h */,
				537235FD218D159200A5EE1C /* tiles.cpp */,
				537235FE218D159200A5EE1C /* tiles.h */,
				535493CF216FD3320012AF98 /* tokens.cpp */,
				535493D1216FD3430012AF98 /* tokens.h */,
			);
			path = KingOfNewYork_A4;
			sourceTree = "<group>";
		};
/* End PBXGroup section */

/* Begin PBXNativeTarget section */
		53C948FE216A98E800D839F1 /* KingOfNewYork_A4 */ = {
			isa = PBXNativeTarget;
			buildConfigurationList = 53C94906216A98E800D839F1 /* Build configuration list for PBXNativeTarget "KingOfNewYork_A4" */;
			buildPhases = (
				53C948FB216A98E800D839F1 /* Sources */,
				53C948FC216A98E800D839F1 /* Frameworks */,
				53C948FD216A98E800D839F1 /* CopyFiles */,
			);
			buildRules = (
			);
			dependencies = (
			);
			name = KingOfNewYork_A4;
			productName = KingOfNewYork_A1;
			productReference = 53C948FF216A98E800D839F1 /* KingOfNewYork_A4 */;
			productType = "com.apple.product-type.tool";
		};
/* End PBXNativeTarget section */

/* Begin PBXProject section */
		53C948F7216A98E800D839F1 /* Project object */ = {
			isa = PBXProject;
			attributes = {
				LastUpgradeCheck = 0940;
				ORGANIZATIONNAME = JeremyGaudet;
				TargetAttributes = {
					53C948FE216A98E800D839F1 = {
						CreatedOnToolsVersion = 9.4.1;
					};
				};
			};
			buildConfigurationList = 53C948FA216A98E800D839F1 /* Build configuration list for PBXProject "KingOfNewYork_A4" */;
			compatibilityVersion = "Xcode 9.3";
			developmentRegion = en;
			hasScannedForEncodings = 0;
			knownRegions = (
				en,
			);
			mainGroup = 53C948F6216A98E800D839F1;
			productRefGroup = 53C94900216A98E800D839F1 /* Products */;
			projectDirPath = "";
			projectRoot = "";
			targets = (
				53C948FE216A98E800D839F1 /* KingOfNewYork_A4 */,
			);
		};
/* End PBXProject section */

/* Begin PBXSourcesBuildPhase section */
		53C948FB216A98E800D839F1 /* Sources */ = {
			isa = PBXSourcesBuildPhase;
			buildActionMask = 2147483647;
			files = (
				53504D2E219FBAE500F45D49 /* aggressive_strategy.cpp in Sources */,
				53504D29219FA8CE00F45D49 /* strategy.cpp in Sources */,
				535440D921862CB50011378B /* map_finder.cpp in Sources */,
				5391227D219E132F00329746 /* engine.cpp in Sources */,
				53912271219C665B00329746 /* observer.cpp in Sources */,
				533AC9A9218B3EA300236260 /* resolve.cpp in Sources */,
				537DE94821A10874006A67C2 /* human_strategy.cpp in Sources */,
				53504D2B219FB25600F45D49 /* moderate_strategy.cpp in Sources */,
				53C9491C216AA1C500D839F1 /* dice_rolling.cpp in Sources */,
				5328A5F921A22C2B00005B66 /* statistics_view.cpp in Sources */,
				537235FF218D159200A5EE1C /* tiles.cpp in Sources */,
				53C94921216AAC4A00D839F1 /* player.cpp in Sources */,
				53C94927216AB40000D839F1 /* map.cpp in Sources */,
				53912280219E64B600329746 /* main.cpp in Sources */,
				53912279219CBE3200329746 /* player_view.cpp in Sources */,
				53C9491F216AAB3000D839F1 /* input.cpp in Sources */,
				53723601218D185C00A5EE1C /* power_cards.cpp in Sources */,
				53C94924216AB3B300D839F1 /* map_loader.cpp in Sources */,
				53912275219C6B3E00329746 /* subject.cpp in Sources */,
				535493D0216FD3320012AF98 /* tokens.cpp in Sources */,
			);
			runOnlyForDeploymentPostprocessing = 0;
		};
/* End PBXSourcesBuildPhase section */

/* Begin XCBuildConfiguration section */
		53C94904216A98E800D839F1 /* Debug */ = {
			isa = XCBuildConfiguration;
			buildSettings = {
				ALWAYS_SEARCH_USER_PATHS = NO;
				CLANG_ANALYZER_NONNULL = YES;
				CLANG_ANALYZER_NUMBER_OBJECT_CONVERSION = YES_AGGRESSIVE;
				CLANG_CXX_LANGUAGE_STANDARD = "gnu++14";
				CLANG_CXX_LIBRARY = "libc++";
				CLANG_ENABLE_MODULES = YES;
				CLANG_ENABLE_OBJC_ARC = YES;
				CLANG_ENABLE_OBJC_WEAK = YES;
				CLANG_WARN_BLOCK_CAPTURE_AUTORELEASING = YES;
				CLANG_WARN_BOOL_CONVERSION = YES;
				CLANG_WARN_COMMA = YES;
				CLANG_WARN_CONSTANT_CONVERSION = YES;
				CLANG_WARN_DEPRECATED_OBJC_IMPLEMENTATIONS = YES;
				CLANG_WARN_DIRECT_OBJC_ISA_USAGE = YES_ERROR;
				CLANG_WARN_DOCUMENTATION_COMMENTS = YES;
				CLANG_WARN_EMPTY_BODY = YES;
				CLANG_WARN_ENUM_CONVERSION = YES;
				CLANG_WARN_INFINITE_RECURSION = YES;
				CLANG_WARN_INT_CONVERSION = YES;
				CLANG_WARN_NON_LITERAL_NULL_CONVERSION = YES;
				CLANG_WARN_OBJC_IMPLICIT_RETAIN_SELF = YES;
				CLANG_WARN_OBJC_LITERAL_CONVERSION = YES;
				CLANG_WARN_OBJC_ROOT_CLASS = YES_ERROR;
				CLANG_WARN_RANGE_LOOP_ANALYSIS = YES;
				CLANG_WARN_STRICT_PROTOTYPES = YES;
				CLANG_WARN_SUSPICIOUS_MOVE = YES;
				CLANG_WARN_UNGUARDED_AVAILABILITY = YES_AGGRESSIVE;
				CLANG_WARN_UNREACHABLE_CODE = YES;
				CLANG_WARN__DUPLICATE_METHOD_MATCH = YES;
				CODE_SIGN_IDENTITY = "-";
				COPY_PHASE_STRIP = NO;
				DEBUG_INFORMATION_FORMAT = dwarf;
				ENABLE_STRICT_OBJC_MSGSEND = YES;
				ENABLE_TESTABILITY = YES;
				GCC_C_LANGUAGE_STANDARD = gnu11;
				GCC_DYNAMIC_NO_PIC = NO;
				GCC_NO_COMMON_BLOCKS = YES;
				GCC_OPTIMIZATION_LEVEL = 0;
				GCC_PREPROCESSOR_DEFINITIONS = (
					"DEBUG=1",
					"$(inherited)",
				);
				GCC_WARN_64_TO_32_BIT_CONVERSION = YES;
				GCC_WARN_ABOUT_RETURN_TYPE = YES_ERROR;
				GCC_WARN_UNDECLARED_SELECTOR = YES;
				GCC_WARN_UNINITIALIZED_AUTOS = YES_AGGRESSIVE;
				GCC_WARN_UNUSED_FUNCTION = YES;
				GCC_WARN_UNUSED_VARIABLE = YES;
				MACOSX_DEPLOYMENT_TARGET = 10.13;
				MTL_ENABLE_DEBUG_INFO = YES;
				ONLY_ACTIVE_ARCH = YES;
				SDKROOT = macosx;
			};
			name = Debug;
		};
		53C94905216A98E800D839F1 /* Release */ = {
			isa = XCBuildConfiguration;
			buildSettings = {
				ALWAYS_SEARCH_USER_PATHS = NO;
				CLANG_ANALYZER_NONNULL = YES;
				CLANG_ANALYZER_NUMBER_OBJECT_CONVERSION = YES_AGGRESSIVE;
				CLANG_CXX_LANGUAGE_STANDARD = "gnu++14";
				CLANG_CXX_LIBRARY = "libc++";
				CLANG_ENABLE_MODULES = YES;
				CLANG_ENABLE_OBJC_ARC = YES;
				CLANG_ENABLE_OBJC_WEAK = YES;
				CLANG_WARN_BLOCK_CAPTURE_AUTORELEASING = YES;
				CLANG_WARN_BOOL_CONVERSION = YES;
				CLANG_WARN_COMMA = YES;
				CLANG_WARN_CONSTANT_CONVERSION = YES;
				CLANG_WARN_DEPRECATED_OBJC_IMPLEMENTATIONS = YES;
				CLANG_WARN_DIRECT_OBJC_ISA_USAGE = YES_ERROR;
				CLANG_WARN_DOCUMENTATION_COMMENTS = YES;
				CLANG_WARN_EMPTY_BODY = YES;
				CLANG_WARN_ENUM_CONVERSION = YES;
				CLANG_WARN_INFINITE_RECURSION = YES;
				CLANG_WARN_INT_CONVERSION = YES;
				CLANG_WARN_NON_LITERAL_NULL_CONVERSION = YES;
				CLANG_WARN_OBJC_IMPLICIT_RETAIN_SELF = YES;
				CLANG_WARN_OBJC_LITERAL_CONVERSION = YES;
				CLANG_WARN_OBJC_ROOT_CLASS = YES_ERROR;
				CLANG_WARN_RANGE_LOOP_ANALYSIS = YES;
				CLANG_WARN_STRICT_PROTOTYPES = YES;
				CLANG_WARN_SUSPICIOUS_MOVE = YES;
				CLANG_WARN_UNGUARDED_AVAILABILITY = YES_AGGRESSIVE;
				CLANG_WARN_UNREACHABLE_CODE = YES;
				CLANG_WARN__DUPLICATE_METHOD_MATCH = YES;
				CODE_SIGN_IDENTITY = "-";
				COPY_PHASE_STRIP = NO;
				DEBUG_INFORMATION_FORMAT = "dwarf-with-dsym";
				ENABLE_NS_ASSERTIONS = NO;
				ENABLE_STRICT_OBJC_MSGSEND = YES;
				GCC_C_LANGUAGE_STANDARD = gnu11;
				GCC_NO_COMMON_BLOCKS = YES;
				GCC_WARN_64_TO_32_BIT_CONVERSION = YES;
				GCC_WARN_ABOUT_RETURN_TYPE = YES_ERROR;
				GCC_WARN_UNDECLARED_SELECTOR = YES;
				GCC_WARN_UNINITIALIZED_AUTOS = YES_AGGRESSIVE;
				GCC_WARN_UNUSED_FUNCTION = YES;
				GCC_WARN_UNUSED_VARIABLE = YES;
				MACOSX_DEPLOYMENT_TARGET = 10.13;
				MTL_ENABLE_DEBUG_INFO = NO;
				SDKROOT = macosx;
			};
			name = Release;
		};
		53C94907216A98E800D839F1 /* Debug */ = {
			isa = XCBuildConfiguration;
			buildSettings = {
				CLANG_CXX_LANGUAGE_STANDARD = "c++14";
				CLANG_WARN__EXIT_TIME_DESTRUCTORS = NO;
				CODE_SIGN_STYLE = Automatic;
				GCC_WARN_ABOUT_MISSING_PROTOTYPES = NO;
				GCC_WARN_HIDDEN_VIRTUAL_FUNCTIONS = YES;
				GCC_WARN_NON_VIRTUAL_DESTRUCTOR = NO;
				GCC_WARN_SHADOW = YES;
				PRODUCT_NAME = "$(TARGET_NAME)";
			};
			name = Debug;
		};
		53C94908216A98E800D839F1 /* Release */ = {
			isa = XCBuildConfiguration;
			buildSettings = {
				CLANG_CXX_LANGUAGE_STANDARD = "c++14";
				CLANG_WARN__EXIT_TIME_DESTRUCTORS = NO;
				CODE_SIGN_STYLE = Automatic;
				GCC_WARN_ABOUT_MISSING_PROTOTYPES = NO;
				GCC_WARN_HIDDEN_VIRTUAL_FUNCTIONS = YES;
				GCC_WARN_NON_VIRTUAL_DESTRUCTOR = NO;
				GCC_WARN_SHADOW = YES;
				PRODUCT_NAME = "$(TARGET_NAME)";
			};
			name = Release;
		};
/* End XCBuildConfiguration section */

/* Begin XCConfigurationList section */
		53C948FA216A98E800D839F1 /* Build configuration list for PBXProject "KingOfNewYork_A4" */ = {
			isa = XCConfigurationList;
			buildConfigurations = (
				53C94904216A98E800D839F1 /* Debug */,
				53C94905216A98E800D839F1 /* Release */,
			);
			defaultConfigurationIsVisible = 0;
			defaultConfigurationName = Release;
		};
		53C94906216A98E800D839F1 /* Build configuration list for PBXNativeTarget "KingOfNewYork_A4" */ = {
			isa = XCConfigurationList;
			buildConfigurations = (
				53C94907216A98E800D839F1 /* Debug */,
				53C94908216A98E800D839F1 /* Release */,
			);
			defaultConfigurationIsVisible = 0;
			defaultConfigurationName = Release;
		};
/* End XCConfigurationList section */
	};
	rootObject = 53C948F7216A98E800D839F1 /* Project object */;
}
